// !$*UTF8*$!
{
	archiveVersion = 1;
	classes = {
	};
	objectVersion = 50;
	objects = {

/* Begin PBXBuildFile section */
		CA0F201C2939730F00397FCF /* AppDelegate.swift in Sources */ = {isa = PBXBuildFile; fileRef = CA0F201B2939730F00397FCF /* AppDelegate.swift */; };
		CA0F201E2939730F00397FCF /* SceneDelegate.swift in Sources */ = {isa = PBXBuildFile; fileRef = CA0F201D2939730F00397FCF /* SceneDelegate.swift */; };
		CA0F20202939730F00397FCF /* ContentView.swift in Sources */ = {isa = PBXBuildFile; fileRef = CA0F201F2939730F00397FCF /* ContentView.swift */; };
		CA0F20222939731A00397FCF /* Assets.xcassets in Resources */ = {isa = PBXBuildFile; fileRef = CA0F20212939731A00397FCF /* Assets.xcassets */; };
		CA0F20252939731A00397FCF /* Preview Assets.xcassets in Resources */ = {isa = PBXBuildFile; fileRef = CA0F20242939731A00397FCF /* Preview Assets.xcassets */; };
		CA0F20282939731A00397FCF /* LaunchScreen.storyboard in Resources */ = {isa = PBXBuildFile; fileRef = CA0F20262939731A00397FCF /* LaunchScreen.storyboard */; };
		CA0F203129397AB100397FCF /* FetchManager.swift in Sources */ = {isa = PBXBuildFile; fileRef = CA0F203029397AB100397FCF /* FetchManager.swift */; };
		CA0F20342939812400397FCF /* PostData.swift in Sources */ = {isa = PBXBuildFile; fileRef = CA0F20332939812400397FCF /* PostData.swift */; };
		CA0F203929398B2300397FCF /* DetailView.swift in Sources */ = {isa = PBXBuildFile; fileRef = CA0F203829398B2300397FCF /* DetailView.swift */; };
		CA0F203E2939939300397FCF /* WebView.swift in Sources */ = {isa = PBXBuildFile; fileRef = CA0F203D2939939300397FCF /* WebView.swift */; };
/* End PBXBuildFile section */

/* Begin PBXFileReference section */
		CA0F20182939730F00397FCF /* R4ZORSwiftUI.app */ = {isa = PBXFileReference; explicitFileType = wrapper.application; includeInIndex = 0; path = R4ZORSwiftUI.app; sourceTree = BUILT_PRODUCTS_DIR; };
		CA0F201B2939730F00397FCF /* AppDelegate.swift */ = {isa = PBXFileReference; lastKnownFileType = sourcecode.swift; path = AppDelegate.swift; sourceTree = "<group>"; };
		CA0F201D2939730F00397FCF /* SceneDelegate.swift */ = {isa = PBXFileReference; lastKnownFileType = sourcecode.swift; path = SceneDelegate.swift; sourceTree = "<group>"; };
		CA0F201F2939730F00397FCF /* ContentView.swift */ = {isa = PBXFileReference; lastKnownFileType = sourcecode.swift; path = ContentView.swift; sourceTree = "<group>"; };
		CA0F20212939731A00397FCF /* Assets.xcassets */ = {isa = PBXFileReference; lastKnownFileType = folder.assetcatalog; path = Assets.xcassets; sourceTree = "<group>"; };
		CA0F20242939731A00397FCF /* Preview Assets.xcassets */ = {isa = PBXFileReference; lastKnownFileType = folder.assetcatalog; path = "Preview Assets.xcassets"; sourceTree = "<group>"; };
		CA0F20272939731A00397FCF /* Base */ = {isa = PBXFileReference; lastKnownFileType = file.storyboard; name = Base; path = Base.lproj/LaunchScreen.storyboard; sourceTree = "<group>"; };
		CA0F20292939731A00397FCF /* Info.plist */ = {isa = PBXFileReference; lastKnownFileType = text.plist.xml; path = Info.plist; sourceTree = "<group>"; };
		CA0F203029397AB100397FCF /* FetchManager.swift */ = {isa = PBXFileReference; lastKnownFileType = sourcecode.swift; path = FetchManager.swift; sourceTree = "<group>"; };
		CA0F20332939812400397FCF /* PostData.swift */ = {isa = PBXFileReference; lastKnownFileType = sourcecode.swift; path = PostData.swift; sourceTree = "<group>"; };
		CA0F203829398B2300397FCF /* DetailView.swift */ = {isa = PBXFileReference; lastKnownFileType = sourcecode.swift; path = DetailView.swift; sourceTree = "<group>"; };
		CA0F203D2939939300397FCF /* WebView.swift */ = {isa = PBXFileReference; lastKnownFileType = sourcecode.swift; path = WebView.swift; sourceTree = "<group>"; };
/* End PBXFileReference section */

/* Begin PBXFrameworksBuildPhase section */
		CA0F20152939730F00397FCF /* Frameworks */ = {
			isa = PBXFrameworksBuildPhase;
			buildActionMask = 2147483647;
			files = (
			);
			runOnlyForDeploymentPostprocessing = 0;
		};
/* End PBXFrameworksBuildPhase section */

/* Begin PBXGroup section */
		CA0F200F2939730E00397FCF = {
			isa = PBXGroup;
			children = (
				CA0F201A2939730F00397FCF /* R4ZORSwiftUI */,
				CA0F20192939730F00397FCF /* Products */,
			);
			sourceTree = "<group>";
		};
		CA0F20192939730F00397FCF /* Products */ = {
			isa = PBXGroup;
			children = (
				CA0F20182939730F00397FCF /* R4ZORSwiftUI.app */,
			);
			name = Products;
			sourceTree = "<group>";
		};
		CA0F201A2939730F00397FCF /* R4ZORSwiftUI */ = {
			isa = PBXGroup;
			children = (
				CA0F201B2939730F00397FCF /* AppDelegate.swift */,
				CA0F201D2939730F00397FCF /* SceneDelegate.swift */,
				CA0F203729398AD600397FCF /* Views */,
				CA0F20212939731A00397FCF /* Assets.xcassets */,
				CA0F20262939731A00397FCF /* LaunchScreen.storyboard */,
				CA0F20292939731A00397FCF /* Info.plist */,
				CA0F20232939731A00397FCF /* Preview Content */,
				CA0F203029397AB100397FCF /* FetchManager.swift */,
				CA0F203629398AC200397FCF /* Model */,
				CA0F20332939812400397FCF /* PostData.swift */,
			);
			path = R4ZORSwiftUI;
			sourceTree = "<group>";
		};
		CA0F20232939731A00397FCF /* Preview Content */ = {
			isa = PBXGroup;
			children = (
				CA0F20242939731A00397FCF /* Preview Assets.xcassets */,
			);
			path = "Preview Content";
			sourceTree = "<group>";
		};
		CA0F203629398AC200397FCF /* Model */ = {
			isa = PBXGroup;
			children = (
			);
			path = Model;
			sourceTree = "<group>";
		};
		CA0F203729398AD600397FCF /* Views */ = {
			isa = PBXGroup;
			children = (
				CA0F201F2939730F00397FCF /* ContentView.swift */,
				CA0F203829398B2300397FCF /* DetailView.swift */,
				CA0F203D2939939300397FCF /* WebView.swift */,
			);
			path = Views;
			sourceTree = "<group>";
		};
/* End PBXGroup section */

/* Begin PBXNativeTarget section */
		CA0F20172939730F00397FCF /* R4ZORSwiftUI */ = {
			isa = PBXNativeTarget;
			buildConfigurationList = CA0F202C2939731B00397FCF /* Build configuration list for PBXNativeTarget "R4ZORSwiftUI" */;
			buildPhases = (
				CA0F20142939730F00397FCF /* Sources */,
				CA0F20152939730F00397FCF /* Frameworks */,
				CA0F20162939730F00397FCF /* Resources */,
			);
			buildRules = (
			);
			dependencies = (
			);
			name = R4ZORSwiftUI;
			productName = R4ZORSwiftUI;
			productReference = CA0F20182939730F00397FCF /* R4ZORSwiftUI.app */;
			productType = "com.apple.product-type.application";
		};
/* End PBXNativeTarget section */

/* Begin PBXProject section */
		CA0F20102939730E00397FCF /* Project object */ = {
			isa = PBXProject;
			attributes = {
				LastSwiftUpdateCheck = 1200;
				LastUpgradeCheck = 1200;
				TargetAttributes = {
					CA0F20172939730F00397FCF = {
						CreatedOnToolsVersion = 12.0;
					};
				};
			};
			buildConfigurationList = CA0F20132939730F00397FCF /* Build configuration list for PBXProject "R4ZORSwiftUI" */;
			compatibilityVersion = "Xcode 9.3";
			developmentRegion = en;
			hasScannedForEncodings = 0;
			knownRegions = (
				en,
				Base,
			);
			mainGroup = CA0F200F2939730E00397FCF;
			productRefGroup = CA0F20192939730F00397FCF /* Products */;
			projectDirPath = "";
			projectRoot = "";
			targets = (
				CA0F20172939730F00397FCF /* R4ZORSwiftUI */,
			);
		};
/* End PBXProject section */

/* Begin PBXResourcesBuildPhase section */
		CA0F20162939730F00397FCF /* Resources */ = {
			isa = PBXResourcesBuildPhase;
			buildActionMask = 2147483647;
			files = (
				CA0F20282939731A00397FCF /* LaunchScreen.storyboard in Resources */,
				CA0F20252939731A00397FCF /* Preview Assets.xcassets in Resources */,
				CA0F20222939731A00397FCF /* Assets.xcassets in Resources */,
			);
			runOnlyForDeploymentPostprocessing = 0;
		};
/* End PBXResourcesBuildPhase section */

/* Begin PBXSourcesBuildPhase section */
		CA0F20142939730F00397FCF /* Sources */ = {
			isa = PBXSourcesBuildPhase;
			buildActionMask = 2147483647;
			files = (
				CA0F20342939812400397FCF /* PostData.swift in Sources */,
				CA0F203929398B2300397FCF /* DetailView.swift in Sources */,
				CA0F201C2939730F00397FCF /* AppDelegate.swift in Sources */,
				CA0F201E2939730F00397FCF /* SceneDelegate.swift in Sources */,
				CA0F203129397AB100397FCF /* FetchManager.swift in Sources */,
				CA0F20202939730F00397FCF /* ContentView.swift in Sources */,
				CA0F203E2939939300397FCF /* WebView.swift in Sources */,
			);
			runOnlyForDeploymentPostprocessing = 0;
		};
/* End PBXSourcesBuildPhase section */

/* Begin PBXVariantGroup section */
		CA0F20262939731A00397FCF /* LaunchScreen.storyboard */ = {
			isa = PBXVariantGroup;
			children = (
				CA0F20272939731A00397FCF /* Base */,
			);
			name = LaunchScreen.storyboard;
			sourceTree = "<group>";
		};
/* End PBXVariantGroup section */

/* Begin XCBuildConfiguration section */
		CA0F202A2939731B00397FCF /* Debug */ = {
			isa = XCBuildConfiguration;
			buildSettings = {
				ALWAYS_SEARCH_USER_PATHS = NO;
				CLANG_ANALYZER_NONNULL = YES;
				CLANG_ANALYZER_NUMBER_OBJECT_CONVERSION = YES_AGGRESSIVE;
				CLANG_CXX_LANGUAGE_STANDARD = "gnu++14";
				CLANG_CXX_LIBRARY = "libc++";
				CLANG_ENABLE_MODULES = YES;
				CLANG_ENABLE_OBJC_ARC = YES;
				CLANG_ENABLE_OBJC_WEAK = YES;
				CLANG_WARN_BLOCK_CAPTURE_AUTORELEASING = YES;
				CLANG_WARN_BOOL_CONVERSION = YES;
				CLANG_WARN_COMMA = YES;
				CLANG_WARN_CONSTANT_CONVERSION = YES;
				CLANG_WARN_DEPRECATED_OBJC_IMPLEMENTATIONS = YES;
				CLANG_WARN_DIRECT_OBJC_ISA_USAGE = YES_ERROR;
				CLANG_WARN_DOCUMENTATION_COMMENTS = YES;
				CLANG_WARN_EMPTY_BODY = YES;
				CLANG_WARN_ENUM_CONVERSION = YES;
				CLANG_WARN_INFINITE_RECURSION = YES;
				CLANG_WARN_INT_CONVERSION = YES;
				CLANG_WARN_NON_LITERAL_NULL_CONVERSION = YES;
				CLANG_WARN_OBJC_IMPLICIT_RETAIN_SELF = YES;
				CLANG_WARN_OBJC_LITERAL_CONVERSION = YES;
				CLANG_WARN_OBJC_ROOT_CLASS = YES_ERROR;
				CLANG_WARN_QUOTED_INCLUDE_IN_FRAMEWORK_HEADER = YES;
				CLANG_WARN_RANGE_LOOP_ANALYSIS = YES;
				CLANG_WARN_STRICT_PROTOTYPES = YES;
				CLANG_WARN_SUSPICIOUS_MOVE = YES;
				CLANG_WARN_UNGUARDED_AVAILABILITY = YES_AGGRESSIVE;
				CLANG_WARN_UNREACHABLE_CODE = YES;
				CLANG_WARN__DUPLICATE_METHOD_MATCH = YES;
				COPY_PHASE_STRIP = NO;
				DEBUG_INFORMATION_FORMAT = dwarf;
				ENABLE_STRICT_OBJC_MSGSEND = YES;
				ENABLE_TESTABILITY = YES;
				GCC_C_LANGUAGE_STANDARD = gnu11;
				GCC_DYNAMIC_NO_PIC = NO;
				GCC_NO_COMMON_BLOCKS = YES;
				GCC_OPTIMIZATION_LEVEL = 0;
				GCC_PREPROCESSOR_DEFINITIONS = (
					"DEBUG=1",
					"$(inherited)",
				);
				GCC_WARN_64_TO_32_BIT_CONVERSION = YES;
				GCC_WARN_ABOUT_RETURN_TYPE = YES_ERROR;
				GCC_WARN_UNDECLARED_SELECTOR = YES;
				GCC_WARN_UNINITIALIZED_AUTOS = YES_AGGRESSIVE;
				GCC_WARN_UNUSED_FUNCTION = YES;
				GCC_WARN_UNUSED_VARIABLE = YES;
				IPHONEOS_DEPLOYMENT_TARGET = 14.0;
				MTL_ENABLE_DEBUG_INFO = INCLUDE_SOURCE;
				MTL_FAST_MATH = YES;
				ONLY_ACTIVE_ARCH = YES;
				SDKROOT = iphoneos;
				SWIFT_ACTIVE_COMPILATION_CONDITIONS = DEBUG;
				SWIFT_OPTIMIZATION_LEVEL = "-Onone";
			};
			name = Debug;
		};
		CA0F202B2939731B00397FCF /* Release */ = {
			isa = XCBuildConfiguration;
			buildSettings = {
				ALWAYS_SEARCH_USER_PATHS = NO;
				CLANG_ANALYZER_NONNULL = YES;
				CLANG_ANALYZER_NUMBER_OBJECT_CONVERSION = YES_AGGRESSIVE;
				CLANG_CXX_LANGUAGE_STANDARD = "gnu++14";
				CLANG_CXX_LIBRARY = "libc++";
				CLANG_ENABLE_MODULES = YES;
				CLANG_ENABLE_OBJC_ARC = YES;
				CLANG_ENABLE_OBJC_WEAK = YES;
				CLANG_WARN_BLOCK_CAPTURE_AUTORELEASING = YES;
				CLANG_WARN_BOOL_CONVERSION = YES;
				CLANG_WARN_COMMA = YES;
				CLANG_WARN_CONSTANT_CONVERSION = YES;
				CLANG_WARN_DEPRECATED_OBJC_IMPLEMENTATIONS = YES;
				CLANG_WARN_DIRECT_OBJC_ISA_USAGE = YES_ERROR;
				CLANG_WARN_DOCUMENTATION_COMMENTS = YES;
				CLANG_WARN_EMPTY_BODY = YES;
				CLANG_WARN_ENUM_CONVERSION = YES;
				CLANG_WARN_INFINITE_RECURSION = YES;
				CLANG_WARN_INT_CONVERSION = YES;
				CLANG_WARN_NON_LITERAL_NULL_CONVERSION = YES;
				CLANG_WARN_OBJC_IMPLICIT_RETAIN_SELF = YES;
				CLANG_WARN_OBJC_LITERAL_CONVERSION = YES;
				CLANG_WARN_OBJC_ROOT_CLASS = YES_ERROR;
				CLANG_WARN_QUOTED_INCLUDE_IN_FRAMEWORK_HEADER = YES;
				CLANG_WARN_RANGE_LOOP_ANALYSIS = YES;
				CLANG_WARN_STRICT_PROTOTYPES = YES;
				CLANG_WARN_SUSPICIOUS_MOVE = YES;
				CLANG_WARN_UNGUARDED_AVAILABILITY = YES_AGGRESSIVE;
				CLANG_WARN_UNREACHABLE_CODE = YES;
				CLANG_WARN__DUPLICATE_METHOD_MATCH = YES;
				COPY_PHASE_STRIP = NO;
				DEBUG_INFORMATION_FORMAT = "dwarf-with-dsym";
				ENABLE_NS_ASSERTIONS = NO;
				ENABLE_STRICT_OBJC_MSGSEND = YES;
				GCC_C_LANGUAGE_STANDARD = gnu11;
				GCC_NO_COMMON_BLOCKS = YES;
				GCC_WARN_64_TO_32_BIT_CONVERSION = YES;
				GCC_WARN_ABOUT_RETURN_TYPE = YES_ERROR;
				GCC_WARN_UNDECLARED_SELECTOR = YES;
				GCC_WARN_UNINITIALIZED_AUTOS = YES_AGGRESSIVE;
				GCC_WARN_UNUSED_FUNCTION = YES;
				GCC_WARN_UNUSED_VARIABLE = YES;
				IPHONEOS_DEPLOYMENT_TARGET = 14.0;
				MTL_ENABLE_DEBUG_INFO = NO;
				MTL_FAST_MATH = YES;
				SDKROOT = iphoneos;
				SWIFT_COMPILATION_MODE = wholemodule;
				SWIFT_OPTIMIZATION_LEVEL = "-O";
				VALIDATE_PRODUCT = YES;
			};
			name = Release;
		};
		CA0F202D2939731B00397FCF /* Debug */ = {
			isa = XCBuildConfiguration;
			buildSettings = {
				ASSETCATALOG_COMPILER_APPICON_NAME = AppIcon;
				ASSETCATALOG_COMPILER_GLOBAL_ACCENT_COLOR_NAME = AccentColor;
				CODE_SIGN_STYLE = Automatic;
				DEVELOPMENT_ASSET_PATHS = "\"R4ZORSwiftUI/Preview Content\"";
				ENABLE_PREVIEWS = YES;
				INFOPLIST_FILE = R4ZORSwiftUI/Info.plist;
				LD_RUNPATH_SEARCH_PATHS = (
					"$(inherited)",
					"@executable_path/Frameworks",
				);
				PRODUCT_BUNDLE_IDENTIFIER = com.peachkoder.github.R4ZORSwiftUI;
				PRODUCT_NAME = "$(TARGET_NAME)";
				SWIFT_VERSION = 5.0;
				TARGETED_DEVICE_FAMILY = "1,2";
			};
			name = Debug;
		};
		CA0F202E2939731B00397FCF /* Release */ = {
			isa = XCBuildConfiguration;
			buildSettings = {
				ASSETCATALOG_COMPILER_APPICON_NAME = AppIcon;
				ASSETCATALOG_COMPILER_GLOBAL_ACCENT_COLOR_NAME = AccentColor;
				CODE_SIGN_STYLE = Automatic;
				DEVELOPMENT_ASSET_PATHS = "\"R4ZORSwiftUI/Preview Content\"";
				ENABLE_PREVIEWS = YES;
				INFOPLIST_FILE = R4ZORSwiftUI/Info.plist;
				LD_RUNPATH_SEARCH_PATHS = (
					"$(inherited)",
					"@executable_path/Frameworks",
				);
				PRODUCT_BUNDLE_IDENTIFIER = com.peachkoder.github.R4ZORSwiftUI;
				PRODUCT_NAME = "$(TARGET_NAME)";
				SWIFT_VERSION = 5.0;
				TARGETED_DEVICE_FAMILY = "1,2";
			};
			name = Release;
		};
/* End XCBuildConfiguration section */

/* Begin XCConfigurationList section */
		CA0F20132939730F00397FCF /* Build configuration list for PBXProject "R4ZORSwiftUI" */ = {
			isa = XCConfigurationList;
			buildConfigurations = (
				CA0F202A2939731B00397FCF /* Debug */,
				CA0F202B2939731B00397FCF /* Release */,
			);
			defaultConfigurationIsVisible = 0;
			defaultConfigurationName = Release;
		};
		CA0F202C2939731B00397FCF /* Build configuration list for PBXNativeTarget "R4ZORSwiftUI" */ = {
			isa = XCConfigurationList;
			buildConfigurations = (
				CA0F202D2939731B00397FCF /* Debug */,
				CA0F202E2939731B00397FCF /* Release */,
			);
			defaultConfigurationIsVisible = 0;
			defaultConfigurationName = Release;
		};
/* End XCConfigurationList section */
	};
	rootObject = CA0F20102939730E00397FCF /* Project object */;
}
